// !$*UTF8*$!
{
	archiveVersion = 1;
	classes = {
	};
	objectVersion = 46;
	objects = {

/* Begin PBXBuildFile section */
		7B042ECD1E43721000E56CD6 /* Podfile in Resources */ = {isa = PBXBuildFile; fileRef = 7B042ECC1E43721000E56CD6 /* Podfile */; };
		7BDD25901D09A80900825D1A /* PCTIGuestCheckIn.sqlite in Resources */ = {isa = PBXBuildFile; fileRef = 7BE1B8EE1D0886CE00714055 /* PCTIGuestCheckIn.sqlite */; };
		7BDD25DD1D09B81F00825D1A /* PCTIGuestCheckIn.xcdatamodel in Sources */ = {isa = PBXBuildFile; fileRef = 7BDD25DC1D09B81F00825D1A /* PCTIGuestCheckIn.xcdatamodel */; };
		7BDD25E01D09B8B300825D1A /* Error.wav in Resources */ = {isa = PBXBuildFile; fileRef = 7BDD25DE1D09B8B300825D1A /* Error.wav */; };
		7BDD25E11D09B8B300825D1A /* Success.wav in Resources */ = {isa = PBXBuildFile; fileRef = 7BDD25DF1D09B8B300825D1A /* Success.wav */; };
		7BE1B8B61D0880DF00714055 /* main.m in Sources */ = {isa = PBXBuildFile; fileRef = 7BE1B8B51D0880DF00714055 /* main.m */; };
		7BE1B8B91D0880DF00714055 /* AppDelegate.m in Sources */ = {isa = PBXBuildFile; fileRef = 7BE1B8B81D0880DF00714055 /* AppDelegate.m */; };
		7BE1B8BC1D0880DF00714055 /* MainViewController.m in Sources */ = {isa = PBXBuildFile; fileRef = 7BE1B8BB1D0880DF00714055 /* MainViewController.m */; };
		7BE1B8C41D0880DF00714055 /* Assets.xcassets in Resources */ = {isa = PBXBuildFile; fileRef = 7BE1B8C31D0880DF00714055 /* Assets.xcassets */; };
		7BE1B8D21D08840100714055 /* ArrivedGuestsCell.m in Sources */ = {isa = PBXBuildFile; fileRef = 7BE1B8CF1D08840100714055 /* ArrivedGuestsCell.m */; };
		7BE1B8D31D08840100714055 /* ArrivedGuestsViewController.m in Sources */ = {isa = PBXBuildFile; fileRef = 7BE1B8D11D08840100714055 /* ArrivedGuestsViewController.m */; };
		7BE1B8DE1D0884E400714055 /* Main.storyboard in Resources */ = {isa = PBXBuildFile; fileRef = 7BE1B8DC1D0884E400714055 /* Main.storyboard */; };
		7BE1B8E11D0884FC00714055 /* Attendee.m in Sources */ = {isa = PBXBuildFile; fileRef = 7BE1B8E01D0884FC00714055 /* Attendee.m */; };
		7BE1B8E71D08852500714055 /* DuplicateGuestsCell.m in Sources */ = {isa = PBXBuildFile; fileRef = 7BE1B8E41D08852500714055 /* DuplicateGuestsCell.m */; };
		7BE1B8E81D08852500714055 /* DuplicateGuestsTableViewController.m in Sources */ = {isa = PBXBuildFile; fileRef = 7BE1B8E61D08852500714055 /* DuplicateGuestsTableViewController.m */; };
		7BE1B8EA1D08855400714055 /* LaunchScreen.storyboard in Resources */ = {isa = PBXBuildFile; fileRef = 7BE1B8E91D08855400714055 /* LaunchScreen.storyboard */; };
		EB696C9AF018922A8D463912 /* libPods-PCTIGuestCheckIn.a in Frameworks */ = {isa = PBXBuildFile; fileRef = 329FB4377E91D21221118299 /* libPods-PCTIGuestCheckIn.a */; };
/* End PBXBuildFile section */

/* Begin PBXFileReference section */
		329FB4377E91D21221118299 /* libPods-PCTIGuestCheckIn.a */ = {isa = PBXFileReference; explicitFileType = archive.ar; includeInIndex = 0; path = "libPods-PCTIGuestCheckIn.a"; sourceTree = BUILT_PRODUCTS_DIR; };
		6614C95D6C9649033EDEAB92 /* Pods-PCTIGuestCheckIn.debug.xcconfig */ = {isa = PBXFileReference; includeInIndex = 1; lastKnownFileType = text.xcconfig; name = "Pods-PCTIGuestCheckIn.debug.xcconfig"; path = "Pods/Target Support Files/Pods-PCTIGuestCheckIn/Pods-PCTIGuestCheckIn.debug.xcconfig"; sourceTree = "<group>"; };
		7B042ECC1E43721000E56CD6 /* Podfile */ = {isa = PBXFileReference; fileEncoding = 4; lastKnownFileType = text; path = Podfile; sourceTree = "<group>"; };
		7BDD25DC1D09B81F00825D1A /* PCTIGuestCheckIn.xcdatamodel */ = {isa = PBXFileReference; lastKnownFileType = wrapper.xcdatamodel; path = PCTIGuestCheckIn.xcdatamodel; sourceTree = "<group>"; };
		7BDD25DE1D09B8B300825D1A /* Error.wav */ = {isa = PBXFileReference; lastKnownFileType = audio.wav; path = Error.wav; sourceTree = "<group>"; };
		7BDD25DF1D09B8B300825D1A /* Success.wav */ = {isa = PBXFileReference; lastKnownFileType = audio.wav; path = Success.wav; sourceTree = "<group>"; };
		7BE1B8B11D0880DF00714055 /* PCTIGuestCheckIn.app */ = {isa = PBXFileReference; explicitFileType = wrapper.application; includeInIndex = 0; path = PCTIGuestCheckIn.app; sourceTree = BUILT_PRODUCTS_DIR; };
		7BE1B8B51D0880DF00714055 /* main.m */ = {isa = PBXFileReference; lastKnownFileType = sourcecode.c.objc; path = main.m; sourceTree = "<group>"; wrapsLines = 0; };
		7BE1B8B71D0880DF00714055 /* AppDelegate.h */ = {isa = PBXFileReference; lastKnownFileType = sourcecode.c.h; path = AppDelegate.h; sourceTree = "<group>"; };
		7BE1B8B81D0880DF00714055 /* AppDelegate.m */ = {isa = PBXFileReference; lastKnownFileType = sourcecode.c.objc; path = AppDelegate.m; sourceTree = "<group>"; };
		7BE1B8BA1D0880DF00714055 /* MainViewController.h */ = {isa = PBXFileReference; lastKnownFileType = sourcecode.c.h; path = MainViewController.h; sourceTree = "<group>"; };
		7BE1B8BB1D0880DF00714055 /* MainViewController.m */ = {isa = PBXFileReference; lastKnownFileType = sourcecode.c.objc; path = MainViewController.m; sourceTree = "<group>"; };
		7BE1B8C31D0880DF00714055 /* Assets.xcassets */ = {isa = PBXFileReference; lastKnownFileType = folder.assetcatalog; path = Assets.xcassets; sourceTree = "<group>"; };
		7BE1B8C81D0880DF00714055 /* Info.plist */ = {isa = PBXFileReference; lastKnownFileType = text.plist.xml; path = Info.plist; sourceTree = "<group>"; };
		7BE1B8CE1D08840100714055 /* ArrivedGuestsCell.h */ = {isa = PBXFileReference; fileEncoding = 4; lastKnownFileType = sourcecode.c.h; path = ArrivedGuestsCell.h; sourceTree = "<group>"; };
		7BE1B8CF1D08840100714055 /* ArrivedGuestsCell.m */ = {isa = PBXFileReference; fileEncoding = 4; lastKnownFileType = sourcecode.c.objc; path = ArrivedGuestsCell.m; sourceTree = "<group>"; };
		7BE1B8D01D08840100714055 /* ArrivedGuestsViewController.h */ = {isa = PBXFileReference; fileEncoding = 4; lastKnownFileType = sourcecode.c.h; path = ArrivedGuestsViewController.h; sourceTree = "<group>"; };
		7BE1B8D11D08840100714055 /* ArrivedGuestsViewController.m */ = {isa = PBXFileReference; fileEncoding = 4; lastKnownFileType = sourcecode.c.objc; path = ArrivedGuestsViewController.m; sourceTree = "<group>"; };
		7BE1B8D81D08848C00714055 /* Prefix.pch */ = {isa = PBXFileReference; lastKnownFileType = sourcecode.c.h; path = Prefix.pch; sourceTree = "<group>"; };
		7BE1B8D91D08849300714055 /* ModelKeys.h */ = {isa = PBXFileReference; lastKnownFileType = sourcecode.c.h; path = ModelKeys.h; sourceTree = "<group>"; };
		7BE1B8DD1D0884E400714055 /* en */ = {isa = PBXFileReference; lastKnownFileType = file.storyboard; name = en; path = en.lproj/Main.storyboard; sourceTree = "<group>"; };
		7BE1B8DF1D0884FC00714055 /* Attendee.h */ = {isa = PBXFileReference; fileEncoding = 4; lastKnownFileType = sourcecode.c.h; path = Attendee.h; sourceTree = "<group>"; };
		7BE1B8E01D0884FC00714055 /* Attendee.m */ = {isa = PBXFileReference; fileEncoding = 4; lastKnownFileType = sourcecode.c.objc; path = Attendee.m; sourceTree = "<group>"; };
		7BE1B8E21D08851E00714055 /* CommonMacros.h */ = {isa = PBXFileReference; lastKnownFileType = sourcecode.c.h; path = CommonMacros.h; sourceTree = "<group>"; };
		7BE1B8E31D08852500714055 /* DuplicateGuestsCell.h */ = {isa = PBXFileReference; fileEncoding = 4; lastKnownFileType = sourcecode.c.h; path = DuplicateGuestsCell.h; sourceTree = "<group>"; };
		7BE1B8E41D08852500714055 /* DuplicateGuestsCell.m */ = {isa = PBXFileReference; fileEncoding = 4; lastKnownFileType = sourcecode.c.objc; path = DuplicateGuestsCell.m; sourceTree = "<group>"; };
		7BE1B8E51D08852500714055 /* DuplicateGuestsTableViewController.h */ = {isa = PBXFileReference; fileEncoding = 4; lastKnownFileType = sourcecode.c.h; path = DuplicateGuestsTableViewController.h; sourceTree = "<group>"; };
		7BE1B8E61D08852500714055 /* DuplicateGuestsTableViewController.m */ = {isa = PBXFileReference; fileEncoding = 4; lastKnownFileType = sourcecode.c.objc; path = DuplicateGuestsTableViewController.m; sourceTree = "<group>"; };
		7BE1B8E91D08855400714055 /* LaunchScreen.storyboard */ = {isa = PBXFileReference; fileEncoding = 4; lastKnownFileType = file.storyboard; path = LaunchScreen.storyboard; sourceTree = "<group>"; };
		7BE1B8EE1D0886CE00714055 /* PCTIGuestCheckIn.sqlite */ = {isa = PBXFileReference; lastKnownFileType = file; path = PCTIGuestCheckIn.sqlite; sourceTree = "<group>"; };
		F744C98067D9C0554BBEE0CC /* Pods-PCTIGuestCheckIn.release.xcconfig */ = {isa = PBXFileReference; includeInIndex = 1; lastKnownFileType = text.xcconfig; name = "Pods-PCTIGuestCheckIn.release.xcconfig"; path = "Pods/Target Support Files/Pods-PCTIGuestCheckIn/Pods-PCTIGuestCheckIn.release.xcconfig"; sourceTree = "<group>"; };
/* End PBXFileReference section */

/* Begin PBXFrameworksBuildPhase section */
		7BE1B8AE1D0880DF00714055 /* Frameworks */ = {
			isa = PBXFrameworksBuildPhase;
			buildActionMask = 2147483647;
			files = (
				EB696C9AF018922A8D463912 /* libPods-PCTIGuestCheckIn.a in Frameworks */,
			);
			runOnlyForDeploymentPostprocessing = 0;
		};
/* End PBXFrameworksBuildPhase section */

/* Begin PBXGroup section */
		3E6D58A01BBF0C9A72FA920E /* Pods */ = {
			isa = PBXGroup;
			children = (
				6614C95D6C9649033EDEAB92 /* Pods-PCTIGuestCheckIn.debug.xcconfig */,
				F744C98067D9C0554BBEE0CC /* Pods-PCTIGuestCheckIn.release.xcconfig */,
			);
			name = Pods;
			sourceTree = "<group>";
		};
		4CF47A5426F24610C0BF7926 /* Frameworks */ = {
			isa = PBXGroup;
			children = (
				329FB4377E91D21221118299 /* libPods-PCTIGuestCheckIn.a */,
			);
			name = Frameworks;
			sourceTree = "<group>";
		};
		7BE1B8A81D0880DF00714055 = {
			isa = PBXGroup;
			children = (
				7B042ECC1E43721000E56CD6 /* Podfile */,
				7BE1B8B31D0880DF00714055 /* PCTIGuestCheckIn */,
				7BE1B8B21D0880DF00714055 /* Products */,
				3E6D58A01BBF0C9A72FA920E /* Pods */,
				4CF47A5426F24610C0BF7926 /* Frameworks */,
			);
			sourceTree = "<group>";
		};
		7BE1B8B21D0880DF00714055 /* Products */ = {
			isa = PBXGroup;
			children = (
				7BE1B8B11D0880DF00714055 /* PCTIGuestCheckIn.app */,
			);
			name = Products;
			sourceTree = "<group>";
		};
		7BE1B8B31D0880DF00714055 /* PCTIGuestCheckIn */ = {
			isa = PBXGroup;
			children = (
				7BE1B8B71D0880DF00714055 /* AppDelegate.h */,
				7BE1B8B81D0880DF00714055 /* AppDelegate.m */,
				7BE1B8BA1D0880DF00714055 /* MainViewController.h */,
				7BE1B8BB1D0880DF00714055 /* MainViewController.m */,
				7BE1B8D01D08840100714055 /* ArrivedGuestsViewController.h */,
				7BE1B8D11D08840100714055 /* ArrivedGuestsViewController.m */,
				7BE1B8E51D08852500714055 /* DuplicateGuestsTableViewController.h */,
				7BE1B8E61D08852500714055 /* DuplicateGuestsTableViewController.m */,
				7BE1B8EC1D0885E200714055 /* Interface */,
				7BE1B8EB1D0885DC00714055 /* Model */,
				7BE1B8B41D0880DF00714055 /* Supporting Files */,
			);
			path = PCTIGuestCheckIn;
			sourceTree = "<group>";
		};
		7BE1B8B41D0880DF00714055 /* Supporting Files */ = {
			isa = PBXGroup;
			children = (
				7BE1B8C31D0880DF00714055 /* Assets.xcassets */,
				7BE1B8C81D0880DF00714055 /* Info.plist */,
				7BDD25DE1D09B8B300825D1A /* Error.wav */,
				7BDD25DF1D09B8B300825D1A /* Success.wav */,
				7BE1B8E21D08851E00714055 /* CommonMacros.h */,
				7BE1B8D81D08848C00714055 /* Prefix.pch */,
				7BE1B8B51D0880DF00714055 /* main.m */,
			);
			name = "Supporting Files";
			sourceTree = "<group>";
		};
		7BE1B8EB1D0885DC00714055 /* Model */ = {
			isa = PBXGroup;
			children = (
				7BDD25DC1D09B81F00825D1A /* PCTIGuestCheckIn.xcdatamodel */,
				7BE1B8EE1D0886CE00714055 /* PCTIGuestCheckIn.sqlite */,
				7BE1B8D91D08849300714055 /* ModelKeys.h */,
				7BE1B8DF1D0884FC00714055 /* Attendee.h */,
				7BE1B8E01D0884FC00714055 /* Attendee.m */,
			);
			name = Model;
			sourceTree = "<group>";
		};
		7BE1B8EC1D0885E200714055 /* Interface */ = {
			isa = PBXGroup;
			children = (
				7BE1B8DC1D0884E400714055 /* Main.storyboard */,
				7BE1B8E91D08855400714055 /* LaunchScreen.storyboard */,
				7BE1B8CE1D08840100714055 /* ArrivedGuestsCell.h */,
				7BE1B8CF1D08840100714055 /* ArrivedGuestsCell.m */,
				7BE1B8E31D08852500714055 /* DuplicateGuestsCell.h */,
				7BE1B8E41D08852500714055 /* DuplicateGuestsCell.m */,
			);
			name = Interface;
			sourceTree = "<group>";
		};
/* End PBXGroup section */

/* Begin PBXNativeTarget section */
		7BE1B8B01D0880DF00714055 /* PCTIGuestCheckIn */ = {
			isa = PBXNativeTarget;
			buildConfigurationList = 7BE1B8CB1D0880DF00714055 /* Build configuration list for PBXNativeTarget "PCTIGuestCheckIn" */;
			buildPhases = (
				9255CA710A3045EEC4738B03 /* [CP] Check Pods Manifest.lock */,
				7BE1B8AD1D0880DF00714055 /* Sources */,
				7BE1B8AE1D0880DF00714055 /* Frameworks */,
				7BE1B8AF1D0880DF00714055 /* Resources */,
				EC5149FF1C381FDDE75BF8E1 /* [CP] Embed Pods Frameworks */,
				C9D4060605ED2AB56C695CBC /* [CP] Copy Pods Resources */,
			);
			buildRules = (
			);
			dependencies = (
			);
			name = PCTIGuestCheckIn;
			productName = PCTIGuestCheckIn;
			productReference = 7BE1B8B11D0880DF00714055 /* PCTIGuestCheckIn.app */;
			productType = "com.apple.product-type.application";
		};
/* End PBXNativeTarget section */

/* Begin PBXProject section */
		7BE1B8A91D0880DF00714055 /* Project object */ = {
			isa = PBXProject;
			attributes = {
				LastUpgradeCheck = 0730;
				ORGANIZATIONNAME = "Passaic County Technical Institute";
				TargetAttributes = {
					7BE1B8B01D0880DF00714055 = {
						CreatedOnToolsVersion = 7.3.1;
						DevelopmentTeam = 4B4W8TYL22;
					};
				};
			};
			buildConfigurationList = 7BE1B8AC1D0880DF00714055 /* Build configuration list for PBXProject "PCTIGuestCheckIn" */;
			compatibilityVersion = "Xcode 3.2";
			developmentRegion = English;
			hasScannedForEncodings = 0;
			knownRegions = (
				en,
				Base,
			);
			mainGroup = 7BE1B8A81D0880DF00714055;
			productRefGroup = 7BE1B8B21D0880DF00714055 /* Products */;
			projectDirPath = "";
			projectRoot = "";
			targets = (
				7BE1B8B01D0880DF00714055 /* PCTIGuestCheckIn */,
			);
		};
/* End PBXProject section */

/* Begin PBXResourcesBuildPhase section */
		7BE1B8AF1D0880DF00714055 /* Resources */ = {
			isa = PBXResourcesBuildPhase;
			buildActionMask = 2147483647;
			files = (
				7BE1B8DE1D0884E400714055 /* Main.storyboard in Resources */,
				7BE1B8C41D0880DF00714055 /* Assets.xcassets in Resources */,
				7BE1B8EA1D08855400714055 /* LaunchScreen.storyboard in Resources */,
				7BDD25901D09A80900825D1A /* PCTIGuestCheckIn.sqlite in Resources */,
				7BDD25E11D09B8B300825D1A /* Success.wav in Resources */,
				7B042ECD1E43721000E56CD6 /* Podfile in Resources */,
				7BDD25E01D09B8B300825D1A /* Error.wav in Resources */,
			);
			runOnlyForDeploymentPostprocessing = 0;
		};
/* End PBXResourcesBuildPhase section */

/* Begin PBXShellScriptBuildPhase section */
		9255CA710A3045EEC4738B03 /* [CP] Check Pods Manifest.lock */ = {
			isa = PBXShellScriptBuildPhase;
			buildActionMask = 2147483647;
			files = (
			);
			inputPaths = (
			);
			name = "[CP] Check Pods Manifest.lock";
			outputPaths = (
			);
			runOnlyForDeploymentPostprocessing = 0;
			shellPath = /bin/sh;
			shellScript = "diff \"${PODS_ROOT}/../Podfile.lock\" \"${PODS_ROOT}/Manifest.lock\" > /dev/null\nif [ $? != 0 ] ; then\n    # print error to STDERR\n    echo \"error: The sandbox is not in sync with the Podfile.lock. Run 'pod install' or update your CocoaPods installation.\" >&2\n    exit 1\nfi\n";
			showEnvVarsInLog = 0;
		};
		C9D4060605ED2AB56C695CBC /* [CP] Copy Pods Resources */ = {
			isa = PBXShellScriptBuildPhase;
			buildActionMask = 2147483647;
			files = (
			);
			inputPaths = (
			);
			name = "[CP] Copy Pods Resources";
			outputPaths = (
			);
			runOnlyForDeploymentPostprocessing = 0;
			shellPath = /bin/sh;
			shellScript = "\"${SRCROOT}/Pods/Target Support Files/Pods-PCTIGuestCheckIn/Pods-PCTIGuestCheckIn-resources.sh\"\n";
			showEnvVarsInLog = 0;
		};
		EC5149FF1C381FDDE75BF8E1 /* [CP] Embed Pods Frameworks */ = {
			isa = PBXShellScriptBuildPhase;
			buildActionMask = 2147483647;
			files = (
			);
			inputPaths = (
			);
			name = "[CP] Embed Pods Frameworks";
			outputPaths = (
			);
			runOnlyForDeploymentPostprocessing = 0;
			shellPath = /bin/sh;
			shellScript = "\"${SRCROOT}/Pods/Target Support Files/Pods-PCTIGuestCheckIn/Pods-PCTIGuestCheckIn-frameworks.sh\"\n";
			showEnvVarsInLog = 0;
		};
/* End PBXShellScriptBuildPhase section */

/* Begin PBXSourcesBuildPhase section */
		7BE1B8AD1D0880DF00714055 /* Sources */ = {
			isa = PBXSourcesBuildPhase;
			buildActionMask = 2147483647;
			files = (
				7BE1B8BC1D0880DF00714055 /* MainViewController.m in Sources */,
				7BE1B8E81D08852500714055 /* DuplicateGuestsTableViewController.m in Sources */,
				7BE1B8D21D08840100714055 /* ArrivedGuestsCell.m in Sources */,
				7BDD25DD1D09B81F00825D1A /* PCTIGuestCheckIn.xcdatamodel in Sources */,
				7BE1B8B91D0880DF00714055 /* AppDelegate.m in Sources */,
				7BE1B8E11D0884FC00714055 /* Attendee.m in Sources */,
				7BE1B8B61D0880DF00714055 /* main.m in Sources */,
				7BE1B8E71D08852500714055 /* DuplicateGuestsCell.m in Sources */,
				7BE1B8D31D08840100714055 /* ArrivedGuestsViewController.m in Sources */,
			);
			runOnlyForDeploymentPostprocessing = 0;
		};
/* End PBXSourcesBuildPhase section */

/* Begin PBXVariantGroup section */
		7BE1B8DC1D0884E400714055 /* Main.storyboard */ = {
			isa = PBXVariantGroup;
			children = (
				7BE1B8DD1D0884E400714055 /* en */,
			);
			name = Main.storyboard;
			sourceTree = "<group>";
		};
/* End PBXVariantGroup section */

/* Begin XCBuildConfiguration section */
		7BE1B8C91D0880DF00714055 /* Debug */ = {
			isa = XCBuildConfiguration;
			buildSettings = {
				ALWAYS_SEARCH_USER_PATHS = NO;
				CLANG_ANALYZER_NONNULL = YES;
				CLANG_CXX_LANGUAGE_STANDARD = "gnu++0x";
				CLANG_CXX_LIBRARY = "libc++";
				CLANG_ENABLE_MODULES = YES;
				CLANG_ENABLE_OBJC_ARC = YES;
				CLANG_WARN_BOOL_CONVERSION = YES;
				CLANG_WARN_CONSTANT_CONVERSION = YES;
				CLANG_WARN_DIRECT_OBJC_ISA_USAGE = YES_ERROR;
				CLANG_WARN_EMPTY_BODY = YES;
				CLANG_WARN_ENUM_CONVERSION = YES;
				CLANG_WARN_INT_CONVERSION = YES;
				CLANG_WARN_OBJC_ROOT_CLASS = YES_ERROR;
				CLANG_WARN_UNREACHABLE_CODE = YES;
				CLANG_WARN__DUPLICATE_METHOD_MATCH = YES;
				"CODE_SIGN_IDENTITY[sdk=iphoneos*]" = "iPhone Developer";
				COPY_PHASE_STRIP = NO;
				DEBUG_INFORMATION_FORMAT = dwarf;
				ENABLE_STRICT_OBJC_MSGSEND = YES;
				ENABLE_TESTABILITY = YES;
				GCC_C_LANGUAGE_STANDARD = gnu99;
				GCC_DYNAMIC_NO_PIC = NO;
				GCC_NO_COMMON_BLOCKS = YES;
				GCC_OPTIMIZATION_LEVEL = 0;
				GCC_PREPROCESSOR_DEFINITIONS = (
					"DEBUG=1",
					"$(inherited)",
				);
				GCC_WARN_64_TO_32_BIT_CONVERSION = YES;
				GCC_WARN_ABOUT_RETURN_TYPE = YES_ERROR;
				GCC_WARN_UNDECLARED_SELECTOR = YES;
				GCC_WARN_UNINITIALIZED_AUTOS = YES_AGGRESSIVE;
				GCC_WARN_UNUSED_FUNCTION = YES;
				GCC_WARN_UNUSED_VARIABLE = YES;
				IPHONEOS_DEPLOYMENT_TARGET = 9.3;
				MTL_ENABLE_DEBUG_INFO = YES;
				ONLY_ACTIVE_ARCH = YES;
				SDKROOT = iphoneos;
				TARGETED_DEVICE_FAMILY = "1,2";
			};
			name = Debug;
		};
		7BE1B8CA1D0880DF00714055 /* Release */ = {
			isa = XCBuildConfiguration;
			buildSettings = {
				ALWAYS_SEARCH_USER_PATHS = NO;
				CLANG_ANALYZER_NONNULL = YES;
				CLANG_CXX_LANGUAGE_STANDARD = "gnu++0x";
				CLANG_CXX_LIBRARY = "libc++";
				CLANG_ENABLE_MODULES = YES;
				CLANG_ENABLE_OBJC_ARC = YES;
				CLANG_WARN_BOOL_CONVERSION = YES;
				CLANG_WARN_CONSTANT_CONVERSION = YES;
				CLANG_WARN_DIRECT_OBJC_ISA_USAGE = YES_ERROR;
				CLANG_WARN_EMPTY_BODY = YES;
				CLANG_WARN_ENUM_CONVERSION = YES;
				CLANG_WARN_INT_CONVERSION = YES;
				CLANG_WARN_OBJC_ROOT_CLASS = YES_ERROR;
				CLANG_WARN_UNREACHABLE_CODE = YES;
				CLANG_WARN__DUPLICATE_METHOD_MATCH = YES;
				"CODE_SIGN_IDENTITY[sdk=iphoneos*]" = "iPhone Developer";
				COPY_PHASE_STRIP = NO;
				DEBUG_INFORMATION_FORMAT = "dwarf-with-dsym";
				ENABLE_NS_ASSERTIONS = NO;
				ENABLE_STRICT_OBJC_MSGSEND = YES;
				GCC_C_LANGUAGE_STANDARD = gnu99;
				GCC_NO_COMMON_BLOCKS = YES;
				GCC_WARN_64_TO_32_BIT_CONVERSION = YES;
				GCC_WARN_ABOUT_RETURN_TYPE = YES_ERROR;
				GCC_WARN_UNDECLARED_SELECTOR = YES;
				GCC_WARN_UNINITIALIZED_AUTOS = YES_AGGRESSIVE;
				GCC_WARN_UNUSED_FUNCTION = YES;
				GCC_WARN_UNUSED_VARIABLE = YES;
				IPHONEOS_DEPLOYMENT_TARGET = 9.3;
				MTL_ENABLE_DEBUG_INFO = NO;
				SDKROOT = iphoneos;
				TARGETED_DEVICE_FAMILY = "1,2";
				VALIDATE_PRODUCT = YES;
			};
			name = Release;
		};
		7BE1B8CC1D0880DF00714055 /* Debug */ = {
			isa = XCBuildConfiguration;
			baseConfigurationReference = 6614C95D6C9649033EDEAB92 /* Pods-PCTIGuestCheckIn.debug.xcconfig */;
			buildSettings = {
				ASSETCATALOG_COMPILER_APPICON_NAME = AppIcon;
				DEVELOPMENT_TEAM = 4B4W8TYL22;
				INFOPLIST_FILE = PCTIGuestCheckIn/Info.plist;
				IPHONEOS_DEPLOYMENT_TARGET = 8.4;
				LD_RUNPATH_SEARCH_PATHS = "$(inherited) @executable_path/Frameworks";
				PRODUCT_BUNDLE_IDENTIFIER = us.nj.tec.pcti.PCTIGuestCheckIn;
				PRODUCT_NAME = "$(TARGET_NAME)";
			};
			name = Debug;
		};
		7BE1B8CD1D0880DF00714055 /* Release */ = {
			isa = XCBuildConfiguration;
			baseConfigurationReference = F744C98067D9C0554BBEE0CC /* Pods-PCTIGuestCheckIn.release.xcconfig */;
			buildSettings = {
				ASSETCATALOG_COMPILER_APPICON_NAME = AppIcon;
				DEVELOPMENT_TEAM = 4B4W8TYL22;
				INFOPLIST_FILE = PCTIGuestCheckIn/Info.plist;
				IPHONEOS_DEPLOYMENT_TARGET = 8.4;
				LD_RUNPATH_SEARCH_PATHS = "$(inherited) @executable_path/Frameworks";
				PRODUCT_BUNDLE_IDENTIFIER = us.nj.tec.pcti.PCTIGuestCheckIn;
				PRODUCT_NAME = "$(TARGET_NAME)";
			};
			name = Release;
		};
/* End XCBuildConfiguration section */

/* Begin XCConfigurationList section */
		7BE1B8AC1D0880DF00714055 /* Build configuration list for PBXProject "PCTIGuestCheckIn" */ = {
			isa = XCConfigurationList;
			buildConfigurations = (
				7BE1B8C91D0880DF00714055 /* Debug */,
				7BE1B8CA1D0880DF00714055 /* Release */,
			);
			defaultConfigurationIsVisible = 0;
			defaultConfigurationName = Release;
		};
		7BE1B8CB1D0880DF00714055 /* Build configuration list for PBXNativeTarget "PCTIGuestCheckIn" */ = {
			isa = XCConfigurationList;
			buildConfigurations = (
				7BE1B8CC1D0880DF00714055 /* Debug */,
				7BE1B8CD1D0880DF00714055 /* Release */,
			);
			defaultConfigurationIsVisible = 0;
			defaultConfigurationName = Release;
		};
/* End XCConfigurationList section */
	};
	rootObject = 7BE1B8A91D0880DF00714055 /* Project object */;
}
